
Microsoft Visual Studio Solution File, Format Version 12.00
# Visual Studio Version 16
VisualStudioVersion = 16.0.29709.97
MinimumVisualStudioVersion = 10.0.40219.1
Project("{9A19103F-16F7-4668-BE54-9A1E7A4F7556}") = "LpSolveDotNet", "LpSolveDotNet\LpSolveDotNet.csproj", "{F414EC31-02F6-4B0E-AC94-4FD4774E9C76}"
EndProject
Project("{9A19103F-16F7-4668-BE54-9A1E7A4F7556}") = "LpSolveDotNet.Demo", "LpSolveDotNet.Demo\LpSolveDotNet.Demo.csproj", "{8850A1FB-5764-43BA-BCBE-3D4002014F20}"
EndProject
Project("{9A19103F-16F7-4668-BE54-9A1E7A4F7556}") = "LpSolveDotNet.Native.win-x64", "Native\LpSolveDotNet.Native.win-x64.csproj", "{49D703D3-795D-4CF6-A0C6-2E922FDA09CB}"
EndProject
Project("{9A19103F-16F7-4668-BE54-9A1E7A4F7556}") = "LpSolveDotNet.Native.win-x86", "Native\LpSolveDotNet.Native.win-x86.csproj", "{2939A810-A37F-4E87-9570-76F97A6872C3}"
EndProject
Project("{9A19103F-16F7-4668-BE54-9A1E7A4F7556}") = "LpSolveDotNet.Native.linux-x64", "Native\LpSolveDotNet.Native.linux-x64.csproj", "{B8C558F0-A422-4A9C-9AAA-2BDED4F45B0F}"
EndProject
Project("{9A19103F-16F7-4668-BE54-9A1E7A4F7556}") = "LpSolveDotNet.Native.linux-x86", "Native\LpSolveDotNet.Native.linux-x86.csproj", "{AE226500-7324-4CD0-A737-C711FF7C484C}"
EndProject
Project("{9A19103F-16F7-4668-BE54-9A1E7A4F7556}") = "LpSolveDotNet.Native.osx-x86", "Native\LpSolveDotNet.Native.osx-x86.csproj", "{D67D526B-F876-4FBB-B49F-21E182465696}"
EndProject
Project("{2150E333-8FDC-42A3-9474-1A3956D46DE8}") = "Native", "Native", "{AAAC7C01-7C4D-43FC-BD6C-5BCD8E73A5A4}"
	ProjectSection(SolutionItems) = preProject
		Native\Directory.Build.props = Native\Directory.Build.props
	EndProjectSection
EndProject
Project("{2150E333-8FDC-42A3-9474-1A3956D46DE8}") = "Solution Items", "Solution Items", "{406FF4FF-CEAE-45C0-9689-5186375F5C1F}"
	ProjectSection(SolutionItems) = preProject
		.editorconfig = .editorconfig
		Directory.Build.props = Directory.Build.props
	EndProjectSection
EndProject
Global
	GlobalSection(SolutionConfigurationPlatforms) = preSolution
		Debug|Any CPU = Debug|Any CPU
		Release|Any CPU = Release|Any CPU
	EndGlobalSection
	GlobalSection(ProjectConfigurationPlatforms) = postSolution
		{F414EC31-02F6-4B0E-AC94-4FD4774E9C76}.Debug|Any CPU.ActiveCfg = Debug|Any CPU
		{F414EC31-02F6-4B0E-AC94-4FD4774E9C76}.Debug|Any CPU.Build.0 = Debug|Any CPU
		{F414EC31-02F6-4B0E-AC94-4FD4774E9C76}.Release|Any CPU.ActiveCfg = Release|Any CPU
		{F414EC31-02F6-4B0E-AC94-4FD4774E9C76}.Release|Any CPU.Build.0 = Release|Any CPU
		{8850A1FB-5764-43BA-BCBE-3D4002014F20}.Debug|Any CPU.ActiveCfg = Debug|Any CPU
		{8850A1FB-5764-43BA-BCBE-3D4002014F20}.Debug|Any CPU.Build.0 = Debug|Any CPU
		{8850A1FB-5764-43BA-BCBE-3D4002014F20}.Release|Any CPU.ActiveCfg = Release|Any CPU
		{49D703D3-795D-4CF6-A0C6-2E922FDA09CB}.Debug|Any CPU.ActiveCfg = Debug|Any CPU
		{49D703D3-795D-4CF6-A0C6-2E922FDA09CB}.Debug|Any CPU.Build.0 = Debug|Any CPU
		{49D703D3-795D-4CF6-A0C6-2E922FDA09CB}.Release|Any CPU.ActiveCfg = Release|Any CPU
		{49D703D3-795D-4CF6-A0C6-2E922FDA09CB}.Release|Any CPU.Build.0 = Release|Any CPU
		{2939A810-A37F-4E87-9570-76F97A6872C3}.Debug|Any CPU.ActiveCfg = Debug|Any CPU
		{2939A810-A37F-4E87-9570-76F97A6872C3}.Debug|Any CPU.Build.0 = Debug|Any CPU
		{2939A810-A37F-4E87-9570-76F97A6872C3}.Release|Any CPU.ActiveCfg = Release|Any CPU
		{2939A810-A37F-4E87-9570-76F97A6872C3}.Release|Any CPU.Build.0 = Release|Any CPU
		{B8C558F0-A422-4A9C-9AAA-2BDED4F45B0F}.Debug|Any CPU.ActiveCfg = Debug|Any CPU
		{B8C558F0-A422-4A9C-9AAA-2BDED4F45B0F}.Debug|Any CPU.Build.0 = Debug|Any CPU
		{B8C558F0-A422-4A9C-9AAA-2BDED4F45B0F}.Release|Any CPU.ActiveCfg = Release|Any CPU
		{B8C558F0-A422-4A9C-9AAA-2BDED4F45B0F}.Release|Any CPU.Build.0 = Release|Any CPU
		{AE226500-7324-4CD0-A737-C711FF7C484C}.Debug|Any CPU.ActiveCfg = Debug|Any CPU
		{AE226500-7324-4CD0-A737-C711FF7C484C}.Debug|Any CPU.Build.0 = Debug|Any CPU
		{AE226500-7324-4CD0-A737-C711FF7C484C}.Release|Any CPU.ActiveCfg = Release|Any CPU
		{AE226500-7324-4CD0-A737-C711FF7C484C}.Release|Any CPU.Build.0 = Release|Any CPU
		{D67D526B-F876-4FBB-B49F-21E182465696}.Debug|Any CPU.ActiveCfg = Debug|Any CPU
		{D67D526B-F876-4FBB-B49F-21E182465696}.Debug|Any CPU.Build.0 = Debug|Any CPU
		{D67D526B-F876-4FBB-B49F-21E182465696}.Release|Any CPU.ActiveCfg = Release|Any CPU
		{D67D526B-F876-4FBB-B49F-21E182465696}.Release|Any CPU.Build.0 = Release|Any CPU
	EndGlobalSection
	GlobalSection(SolutionProperties) = preSolution
		HideSolutionNode = FALSE
	EndGlobalSection
	GlobalSection(NestedProjects) = preSolution
		{49D703D3-795D-4CF6-A0C6-2E922FDA09CB} = {AAAC7C01-7C4D-43FC-BD6C-5BCD8E73A5A4}
		{2939A810-A37F-4E87-9570-76F97A6872C3} = {AAAC7C01-7C4D-43FC-BD6C-5BCD8E73A5A4}
		{B8C558F0-A422-4A9C-9AAA-2BDED4F45B0F} = {AAAC7C01-7C4D-43FC-BD6C-5BCD8E73A5A4}
		{AE226500-7324-4CD0-A737-C711FF7C484C} = {AAAC7C01-7C4D-43FC-BD6C-5BCD8E73A5A4}
		{D67D526B-F876-4FBB-B49F-21E182465696} = {AAAC7C01-7C4D-43FC-BD6C-5BCD8E73A5A4}
	EndGlobalSection
	GlobalSection(ExtensibilityGlobals) = postSolution
		SolutionGuid = {5741DC53-8B37-466F-8E82-C5FBCC07219D}
	EndGlobalSection
EndGlobal
